
Microsoft Visual Studio Solution File, Format Version 11.00
# Visual Studio 2010
Project("{FAE04EC0-301F-11D3-BF4B-00C04F79EFBC}") = "P3M1", "Assembly-CSharp.csproj", "{6F3F6292-8DBB-F2C0-5BC4-B4A4BD4A3CE1}"
EndProject
Project("{FAE04EC0-301F-11D3-BF4B-00C04F79EFBC}") = "P3M1", "Assembly-CSharp-Editor.csproj", "{7541DF51-28C8-814C-45A1-AB0F65B8A4D3}"
EndProject
Global
	GlobalSection(SolutionConfigurationPlatforms) = preSolution
		Debug|Any CPU = Debug|Any CPU
		Release|Any CPU = Release|Any CPU
	EndGlobalSection
	GlobalSection(ProjectConfigurationPlatforms) = postSolution
		{6F3F6292-8DBB-F2C0-5BC4-B4A4BD4A3CE1}.Debug|Any CPU.ActiveCfg = Debug|Any CPU
		{6F3F6292-8DBB-F2C0-5BC4-B4A4BD4A3CE1}.Debug|Any CPU.Build.0 = Debug|Any CPU
		{6F3F6292-8DBB-F2C0-5BC4-B4A4BD4A3CE1}.Release|Any CPU.ActiveCfg = Release|Any CPU
		{6F3F6292-8DBB-F2C0-5BC4-B4A4BD4A3CE1}.Release|Any CPU.Build.0 = Release|Any CPU
		{7541DF51-28C8-814C-45A1-AB0F65B8A4D3}.Debug|Any CPU.ActiveCfg = Debug|Any CPU
		{7541DF51-28C8-814C-45A1-AB0F65B8A4D3}.Debug|Any CPU.Build.0 = Debug|Any CPU
		{7541DF51-28C8-814C-45A1-AB0F65B8A4D3}.Release|Any CPU.ActiveCfg = Release|Any CPU
		{7541DF51-28C8-814C-45A1-AB0F65B8A4D3}.Release|Any CPU.Build.0 = Release|Any CPU
	EndGlobalSection
	GlobalSection(SolutionProperties) = preSolution
		HideSolutionNode = FALSE
	EndGlobalSection
	GlobalSection(MonoDevelopProperties) = preSolution
		StartupItem = Assembly-CSharp.csproj
	EndGlobalSection
EndGlobal
